{
  "name": "@everystate/vue",
  "version": "1.0.5",
  "lockfileVersion": 3,
  "requires": true,
  "packages": {
    "": {
      "name": "@everystate/vue",
      "version": "1.0.5",
      "license": "MIT",
      "bin": {
        "everystate-vue-self-test": "cli.js"
      },
      "devDependencies": {
        "@everystate/core": "^1.0.8",
        "@everystate/test": "^1.0.0"
      },
      "peerDependencies": {
        "@everystate/core": ">=1.0.0",
        "vue": ">=3.0.0"
      }
    },
    "node_modules/@everystate/core": {
      "version": "1.0.8",
      "resolved": "https://registry.npmjs.org/@everystate/core/-/core-1.0.8.tgz",
      "integrity": "sha512-1BCn3x6Pi2vAOcgjO6myx8NIvzWxrod/Q44vcAnLCp70YNc92EoCku61wqDs4kJhjvY9mxUc4SeXE/ZoivReSw==",
      "dev": true,
      "license": "MIT",
      "bin": {
        "everystate-self-test": "cli.js"
      }
    },
    "node_modules/@everystate/test": {
      "version": "1.0.3",
      "resolved": "https://registry.npmjs.org/@everystate/test/-/test-1.0.3.tgz",
      "integrity": "sha512-1Cp61ICVmHQpkuehTQAiftZJ6DJVq+5Kalvqze8UiPZxR3eFrJiTxxPMXVbIGojE3j4l0KJqq/MQqPU5OWeZkQ==",
      "dev": true,
      "license": "MIT",
      "bin": {
        "everystate-test-self-test": "cli.js"
      },
      "peerDependencies": {
        "@everystate/core": ">=1.0.5"
      }
    }
  }
}
