{
  "name": "@everystate/vue",
  "version": "1.0.6",
  "lockfileVersion": 3,
  "requires": true,
  "packages": {
    "": {
      "name": "@everystate/vue",
      "version": "1.0.6",
      "license": "MIT",
      "bin": {
        "everystate-vue-self-test": "cli.js"
      },
      "devDependencies": {
        "@everystate/core": "^1.0.0",
        "@everystate/test": "^1.0.0"
      },
      "peerDependencies": {
        "@everystate/core": ">=1.0.0",
        "vue": ">=3.0.0"
      }
    },
    "node_modules/@everystate/core": {
      "version": "1.0.8",
      "resolved": "https://registry.npmjs.org/@everystate/core/-/core-1.0.8.tgz",
      "integrity": "sha512-1BCn3x6Pi2vAOcgjO6myx8NIvzWxrod/Q44vcAnLCp70YNc92EoCku61wqDs4kJhjvY9mxUc4SeXE/ZoivReSw==",
      "dev": true,
      "license": "MIT",
      "bin": {
        "everystate-self-test": "cli.js"
      }
    },
    "node_modules/@everystate/test": {
      "version": "1.0.6",
      "resolved": "https://registry.npmjs.org/@everystate/test/-/test-1.0.6.tgz",
      "integrity": "sha512-F9atkin/3+c7iI2Ee/GmN2m2mINABpqkHk3zqhv+8TW2ktF49g73A9FfWmlcAHILyexAXCrHG6w0JkIgVU8lDg==",
      "dev": true,
      "license": "MIT",
      "bin": {
        "everystate-test-self-test": "cli.js"
      },
      "peerDependencies": {
        "@everystate/core": ">=1.0.5"
      }
    }
  }
}
